
Microsoft Visual Studio Solution File, Format Version 12.00
# Visual Studio Version 17
VisualStudioVersion = 17.9.34728.123
MinimumVisualStudioVersion = 10.0.40219.1
Project("{FAE04EC0-301F-11D3-BF4B-00C04F79EFBC}") = "AIProfessorAssistant", "AIProfessorAssistant.csproj", "{0E1BCCF6-4824-4F68-9C8A-729D75A70FB5}"
EndProject
Global
	GlobalSection(SolutionConfigurationPlatforms) = preSolution
		Debug|Any CPU = Debug|Any CPU
		Release|Any CPU = Release|Any CPU
	EndGlobalSection
	GlobalSection(ProjectConfigurationPlatforms) = postSolution
		{0E1BCCF6-4824-4F68-9C8A-729D75A70FB5}.Debug|Any CPU.ActiveCfg = Debug|Any CPU
		{0E1BCCF6-4824-4F68-9C8A-729D75A70FB5}.Debug|Any CPU.Build.0 = Debug|Any CPU
		{0E1BCCF6-4824-4F68-9C8A-729D75A70FB5}.Release|Any CPU.ActiveCfg = Release|Any CPU
		{0E1BCCF6-4824-4F68-9C8A-729D75A70FB5}.Release|Any CPU.Build.0 = Release|Any CPU
	EndGlobalSection
	GlobalSection(SolutionProperties) = preSolution
		HideSolutionNode = FALSE
	EndGlobalSection
	GlobalSection(ExtensibilityGlobals) = postSolution
		SolutionGuid = {62B661E6-1E30-4400-BA3B-269E66E37E8C}
	EndGlobalSection
EndGlobal
